
Microsoft Visual Studio Solution File, Format Version 12.00
# Visual Studio Version 17
VisualStudioVersion = 17.7.34221.43
MinimumVisualStudioVersion = 10.0.40219.1
Project("{FAE04EC0-301F-11D3-BF4B-00C04F79EFBC}") = "ChristmasTree", "ChristmasTree\ChristmasTree.csproj", "{6BEC1C23-BE7F-4693-B59C-28ADCF984EC9}"
EndProject
Global
	GlobalSection(SolutionConfigurationPlatforms) = preSolution
		Debug|Any CPU = Debug|Any CPU
		Release|Any CPU = Release|Any CPU
	EndGlobalSection
	GlobalSection(ProjectConfigurationPlatforms) = postSolution
		{6BEC1C23-BE7F-4693-B59C-28ADCF984EC9}.Debug|Any CPU.ActiveCfg = Debug|Any CPU
		{6BEC1C23-BE7F-4693-B59C-28ADCF984EC9}.Debug|Any CPU.Build.0 = Debug|Any CPU
		{6BEC1C23-BE7F-4693-B59C-28ADCF984EC9}.Release|Any CPU.ActiveCfg = Release|Any CPU
		{6BEC1C23-BE7F-4693-B59C-28ADCF984EC9}.Release|Any CPU.Build.0 = Release|Any CPU
	EndGlobalSection
	GlobalSection(SolutionProperties) = preSolution
		HideSolutionNode = FALSE
	EndGlobalSection
	GlobalSection(ExtensibilityGlobals) = postSolution
		SolutionGuid = {DFE050B5-1891-4497-A5C9-4E8408F0670E}
	EndGlobalSection
EndGlobal
